
Microsoft Visual Studio Solution File, Format Version 12.00
# Visual Studio 15
VisualStudioVersion = 15.0.27130.2024
MinimumVisualStudioVersion = 10.0.40219.1
Project("{8BC9CEB8-8B4A-11D0-8D11-00A0C91BC942}") = "ResourceManager", "ResourceManager\ResourceManager.vcxproj", "{9B43073B-90D0-4A40-9E6B-BD60F7A43C70}"
EndProject
Global
	GlobalSection(SolutionConfigurationPlatforms) = preSolution
		Debug|x64 = Debug|x64
		Debug|x86 = Debug|x86
		Release|x64 = Release|x64
		Release|x86 = Release|x86
	EndGlobalSection
	GlobalSection(ProjectConfigurationPlatforms) = postSolution
		{9B43073B-90D0-4A40-9E6B-BD60F7A43C70}.Debug|x64.ActiveCfg = Debug|x64
		{9B43073B-90D0-4A40-9E6B-BD60F7A43C70}.Debug|x64.Build.0 = Debug|x64
		{9B43073B-90D0-4A40-9E6B-BD60F7A43C70}.Debug|x86.ActiveCfg = Debug|Win32
		{9B43073B-90D0-4A40-9E6B-BD60F7A43C70}.Debug|x86.Build.0 = Debug|Win32
		{9B43073B-90D0-4A40-9E6B-BD60F7A43C70}.Release|x64.ActiveCfg = Release|x64
		{9B43073B-90D0-4A40-9E6B-BD60F7A43C70}.Release|x64.Build.0 = Release|x64
		{9B43073B-90D0-4A40-9E6B-BD60F7A43C70}.Release|x86.ActiveCfg = Release|Win32
		{9B43073B-90D0-4A40-9E6B-BD60F7A43C70}.Release|x86.Build.0 = Release|Win32
	EndGlobalSection
	GlobalSection(SolutionProperties) = preSolution
		HideSolutionNode = FALSE
	EndGlobalSection
	GlobalSection(ExtensibilityGlobals) = postSolution
		SolutionGuid = {6EADB5A1-0DCA-4DFC-82A6-03358A832966}
	EndGlobalSection
EndGlobal
